
Microsoft Visual Studio Solution File, Format Version 12.00
# Visual Studio Version 17
VisualStudioVersion = 17.4.33122.133
MinimumVisualStudioVersion = 10.0.40219.1
Project("{8BC9CEB8-8B4A-11D0-8D11-00A0C91BC942}") = "2324-space-sprint-project-lunar-legends", "2324-space-sprint-project-lunar-legends\2324-space-sprint-project-lunar-legends.vcxproj", "{67F26D3D-57C2-4E06-958D-18563581F5FB}"
EndProject
Global
	GlobalSection(SolutionConfigurationPlatforms) = preSolution
		Debug|x64 = Debug|x64
		Debug|x86 = Debug|x86
		Release|x64 = Release|x64
		Release|x86 = Release|x86
	EndGlobalSection
	GlobalSection(ProjectConfigurationPlatforms) = postSolution
		{67F26D3D-57C2-4E06-958D-18563581F5FB}.Debug|x64.ActiveCfg = Debug|x64
		{67F26D3D-57C2-4E06-958D-18563581F5FB}.Debug|x64.Build.0 = Debug|x64
		{67F26D3D-57C2-4E06-958D-18563581F5FB}.Debug|x86.ActiveCfg = Debug|Win32
		{67F26D3D-57C2-4E06-958D-18563581F5FB}.Debug|x86.Build.0 = Debug|Win32
		{67F26D3D-57C2-4E06-958D-18563581F5FB}.Release|x64.ActiveCfg = Release|x64
		{67F26D3D-57C2-4E06-958D-18563581F5FB}.Release|x64.Build.0 = Release|x64
		{67F26D3D-57C2-4E06-958D-18563581F5FB}.Release|x86.ActiveCfg = Release|Win32
		{67F26D3D-57C2-4E06-958D-18563581F5FB}.Release|x86.Build.0 = Release|Win32
	EndGlobalSection
	GlobalSection(SolutionProperties) = preSolution
		HideSolutionNode = FALSE
	EndGlobalSection
	GlobalSection(ExtensibilityGlobals) = postSolution
		SolutionGuid = {C226EA76-054B-47B4-899B-20C2E1B8A069}
	EndGlobalSection
EndGlobal
